
Microsoft Visual Studio Solution File, Format Version 12.00
# Visual Studio 2013
VisualStudioVersion = 12.0.31101.0
MinimumVisualStudioVersion = 10.0.40219.1
Project("{FAE04EC0-301F-11D3-BF4B-00C04F79EFBC}") = "DevBlah.SqlExpressionBuilder", "DevBlah.SqlExpressionBuilder\DevBlah.SqlExpressionBuilder.csproj", "{161151D0-878F-4D7C-A1F8-646A360DF3CD}"
EndProject
Project("{FAE04EC0-301F-11D3-BF4B-00C04F79EFBC}") = "DevBlah.SqlExpressionBuilder.Tests", "DevBlah.SqlExpressionBuilder.Tests\DevBlah.SqlExpressionBuilder.Tests.csproj", "{74FE379F-95D4-4AB6-BEC9-D9ECD48018F4}"
EndProject
Project("{FAE04EC0-301F-11D3-BF4B-00C04F79EFBC}") = "DevBlah.SqlExpressionBuilder.MsSql", "DevBlah.SqlExpressionBuilder.MsSql\DevBlah.SqlExpressionBuilder.MsSql.csproj", "{683A759E-F322-42D3-BF67-4A87A0C92791}"
EndProject
Project("{FAE04EC0-301F-11D3-BF4B-00C04F79EFBC}") = "DevBlah.SqlExpressionBuilder.ObjectMap", "DevBlah.SqlExpressionBuilder.ObjectMap\DevBlah.SqlExpressionBuilder.ObjectMap.csproj", "{F10F2384-A5E5-42FE-9F8D-EADC68BC0F48}"
EndProject
Project("{FAE04EC0-301F-11D3-BF4B-00C04F79EFBC}") = "DevBlah.DotNetToolkit", "..\DevBlah.DotNetToolkit\DevBlah.DotNetToolkit\DevBlah.DotNetToolkit.csproj", "{EEF3293D-BFC0-49CB-BCB0-1B0E98FD3F25}"
EndProject
Global
	GlobalSection(SolutionConfigurationPlatforms) = preSolution
		Debug|Any CPU = Debug|Any CPU
		Release|Any CPU = Release|Any CPU
	EndGlobalSection
	GlobalSection(ProjectConfigurationPlatforms) = postSolution
		{161151D0-878F-4D7C-A1F8-646A360DF3CD}.Debug|Any CPU.ActiveCfg = Debug|Any CPU
		{161151D0-878F-4D7C-A1F8-646A360DF3CD}.Debug|Any CPU.Build.0 = Debug|Any CPU
		{161151D0-878F-4D7C-A1F8-646A360DF3CD}.Release|Any CPU.ActiveCfg = Release|Any CPU
		{161151D0-878F-4D7C-A1F8-646A360DF3CD}.Release|Any CPU.Build.0 = Release|Any CPU
		{74FE379F-95D4-4AB6-BEC9-D9ECD48018F4}.Debug|Any CPU.ActiveCfg = Debug|Any CPU
		{74FE379F-95D4-4AB6-BEC9-D9ECD48018F4}.Debug|Any CPU.Build.0 = Debug|Any CPU
		{74FE379F-95D4-4AB6-BEC9-D9ECD48018F4}.Release|Any CPU.ActiveCfg = Release|Any CPU
		{74FE379F-95D4-4AB6-BEC9-D9ECD48018F4}.Release|Any CPU.Build.0 = Release|Any CPU
		{683A759E-F322-42D3-BF67-4A87A0C92791}.Debug|Any CPU.ActiveCfg = Debug|Any CPU
		{683A759E-F322-42D3-BF67-4A87A0C92791}.Debug|Any CPU.Build.0 = Debug|Any CPU
		{683A759E-F322-42D3-BF67-4A87A0C92791}.Release|Any CPU.ActiveCfg = Release|Any CPU
		{683A759E-F322-42D3-BF67-4A87A0C92791}.Release|Any CPU.Build.0 = Release|Any CPU
		{F10F2384-A5E5-42FE-9F8D-EADC68BC0F48}.Debug|Any CPU.ActiveCfg = Debug|Any CPU
		{F10F2384-A5E5-42FE-9F8D-EADC68BC0F48}.Debug|Any CPU.Build.0 = Debug|Any CPU
		{F10F2384-A5E5-42FE-9F8D-EADC68BC0F48}.Release|Any CPU.ActiveCfg = Release|Any CPU
		{F10F2384-A5E5-42FE-9F8D-EADC68BC0F48}.Release|Any CPU.Build.0 = Release|Any CPU
		{EEF3293D-BFC0-49CB-BCB0-1B0E98FD3F25}.Debug|Any CPU.ActiveCfg = Debug|Any CPU
		{EEF3293D-BFC0-49CB-BCB0-1B0E98FD3F25}.Debug|Any CPU.Build.0 = Debug|Any CPU
		{EEF3293D-BFC0-49CB-BCB0-1B0E98FD3F25}.Release|Any CPU.ActiveCfg = Release|Any CPU
		{EEF3293D-BFC0-49CB-BCB0-1B0E98FD3F25}.Release|Any CPU.Build.0 = Release|Any CPU
	EndGlobalSection
	GlobalSection(SolutionProperties) = preSolution
		HideSolutionNode = FALSE
	EndGlobalSection
EndGlobal
